{
  "name": "BioInfoPro2",
  "lockfileVersion": 3,
  "requires": true,
  "packages": {
    "": {
      "name": "BioInfoPro2",
      "dependencies": {
        "ngl": "^0.10.4"
      }
    },
    "node_modules/ngl": {
      "version": "0.10.4",
      "resolved": "https://registry.npmjs.org/ngl/-/ngl-0.10.4.tgz",
      "integrity": "sha512-o08sEPEQ4AAEYvN7WIp7O1mF2X9v4Kk1zslTfGiM4mqvz6vB70Sb5t4OmrWUZ5AiSs78BF2NsrKVduzajA74og=="
    }
  }
}
